
Microsoft Visual Studio Solution File, Format Version 12.00
# Visual Studio Version 16
VisualStudioVersion = 16.0.31911.196
MinimumVisualStudioVersion = 10.0.40219.1
Project("{FAE04EC0-301F-11D3-BF4B-00C04F79EFBC}") = "Registration", "Registration\Registration.csproj", "{118E1E5D-6ADC-4324-8AF6-B43B771A1849}"
EndProject
Global
	GlobalSection(SolutionConfigurationPlatforms) = preSolution
		Debug|Any CPU = Debug|Any CPU
		Release|Any CPU = Release|Any CPU
	EndGlobalSection
	GlobalSection(ProjectConfigurationPlatforms) = postSolution
		{118E1E5D-6ADC-4324-8AF6-B43B771A1849}.Debug|Any CPU.ActiveCfg = Debug|Any CPU
		{118E1E5D-6ADC-4324-8AF6-B43B771A1849}.Debug|Any CPU.Build.0 = Debug|Any CPU
		{118E1E5D-6ADC-4324-8AF6-B43B771A1849}.Release|Any CPU.ActiveCfg = Release|Any CPU
		{118E1E5D-6ADC-4324-8AF6-B43B771A1849}.Release|Any CPU.Build.0 = Release|Any CPU
	EndGlobalSection
	GlobalSection(SolutionProperties) = preSolution
		HideSolutionNode = FALSE
	EndGlobalSection
	GlobalSection(ExtensibilityGlobals) = postSolution
		SolutionGuid = {66DD7858-7406-4483-BC37-44A79D17220B}
	EndGlobalSection
EndGlobal
