
Microsoft Visual Studio Solution File, Format Version 12.00
# Visual Studio Version 16
VisualStudioVersion = 16.0.31313.79
MinimumVisualStudioVersion = 10.0.40219.1
Project("{FAE04EC0-301F-11D3-BF4B-00C04F79EFBC}") = "FineAPI", "FineAPI.csproj", "{74FA1D5D-EA62-4A30-B17B-FE8D723AEB85}"
EndProject
Global
	GlobalSection(SolutionConfigurationPlatforms) = preSolution
		Debug|Any CPU = Debug|Any CPU
		Release|Any CPU = Release|Any CPU
	EndGlobalSection
	GlobalSection(ProjectConfigurationPlatforms) = postSolution
		{74FA1D5D-EA62-4A30-B17B-FE8D723AEB85}.Debug|Any CPU.ActiveCfg = Debug|Any CPU
		{74FA1D5D-EA62-4A30-B17B-FE8D723AEB85}.Debug|Any CPU.Build.0 = Debug|Any CPU
		{74FA1D5D-EA62-4A30-B17B-FE8D723AEB85}.Release|Any CPU.ActiveCfg = Release|Any CPU
		{74FA1D5D-EA62-4A30-B17B-FE8D723AEB85}.Release|Any CPU.Build.0 = Release|Any CPU
	EndGlobalSection
	GlobalSection(SolutionProperties) = preSolution
		HideSolutionNode = FALSE
	EndGlobalSection
	GlobalSection(ExtensibilityGlobals) = postSolution
		SolutionGuid = {3D6943A2-5BB5-4B75-B198-86FF0C380028}
	EndGlobalSection
EndGlobal
