
Microsoft Visual Studio Solution File, Format Version 12.00
# Visual Studio Version 16
VisualStudioVersion = 16.0.32002.261
MinimumVisualStudioVersion = 10.0.40219.1
Project("{9A19103F-16F7-4668-BE54-9A1E7A4F7556}") = "Hijacking", "Hijacking.csproj", "{FDBC45EC-D1EF-4BEF-9438-70B2215537D5}"
EndProject
Global
	GlobalSection(SolutionConfigurationPlatforms) = preSolution
		Debug|Any CPU = Debug|Any CPU
		Release|Any CPU = Release|Any CPU
	EndGlobalSection
	GlobalSection(ProjectConfigurationPlatforms) = postSolution
		{FDBC45EC-D1EF-4BEF-9438-70B2215537D5}.Debug|Any CPU.ActiveCfg = Debug|Any CPU
		{FDBC45EC-D1EF-4BEF-9438-70B2215537D5}.Debug|Any CPU.Build.0 = Debug|Any CPU
		{FDBC45EC-D1EF-4BEF-9438-70B2215537D5}.Release|Any CPU.ActiveCfg = Release|Any CPU
		{FDBC45EC-D1EF-4BEF-9438-70B2215537D5}.Release|Any CPU.Build.0 = Release|Any CPU
	EndGlobalSection
	GlobalSection(SolutionProperties) = preSolution
		HideSolutionNode = FALSE
	EndGlobalSection
	GlobalSection(ExtensibilityGlobals) = postSolution
		SolutionGuid = {66DB4078-B039-4D3D-83A4-81BE0C807158}
	EndGlobalSection
EndGlobal
